
Microsoft Visual Studio Solution File, Format Version 12.00
Project("{FAE04EC0-301F-11D3-BF4B-00C04F79EFBC}") = "wformex2", "wformex2.csproj", "{E4CDB46B-E5B5-466E-B7CA-6323030D4286}"
EndProject
Global
	GlobalSection(SolutionConfigurationPlatforms) = preSolution
		Debug|Any CPU = Debug|Any CPU
		Release|Any CPU = Release|Any CPU
	EndGlobalSection
	GlobalSection(ProjectConfigurationPlatforms) = postSolution
		{E4CDB46B-E5B5-466E-B7CA-6323030D4286}.Debug|Any CPU.ActiveCfg = Debug|Any CPU
		{E4CDB46B-E5B5-466E-B7CA-6323030D4286}.Debug|Any CPU.Build.0 = Debug|Any CPU
		{E4CDB46B-E5B5-466E-B7CA-6323030D4286}.Release|Any CPU.ActiveCfg = Release|Any CPU
		{E4CDB46B-E5B5-466E-B7CA-6323030D4286}.Release|Any CPU.Build.0 = Release|Any CPU
	EndGlobalSection
EndGlobal
